// !$*UTF8*$!
{
	archiveVersion = 1;
	classes = {
	};
	objectVersion = 50;
	objects = {

/* Begin PBXBuildFile section */
		03084E0320FEB58E00B5CDB4 /* ResultsScreenViewController.swift in Sources */ = {isa = PBXBuildFile; fileRef = 03084E0220FEB58E00B5CDB4 /* ResultsScreenViewController.swift */; };
		033C8F7820FED35C0086564D /* Main copy.storyboard in Resources */ = {isa = PBXBuildFile; fileRef = 033C8F7620FED35C0086564D /* Main copy.storyboard */; };
		420C824720FE54D900AA337B /* CoreDataHelper.swift in Sources */ = {isa = PBXBuildFile; fileRef = 420C824620FE54D900AA337B /* CoreDataHelper.swift */; };
		4218320E20FD402900C28CBE /* AppDelegate.swift in Sources */ = {isa = PBXBuildFile; fileRef = 4218320D20FD402900C28CBE /* AppDelegate.swift */; };
		4218321020FD402900C28CBE /* HomeScreenViewController.swift in Sources */ = {isa = PBXBuildFile; fileRef = 4218320F20FD402900C28CBE /* HomeScreenViewController.swift */; };
		4218321520FD402C00C28CBE /* Assets.xcassets in Resources */ = {isa = PBXBuildFile; fileRef = 4218321420FD402C00C28CBE /* Assets.xcassets */; };
		4218321820FD402C00C28CBE /* LaunchScreen.storyboard in Resources */ = {isa = PBXBuildFile; fileRef = 4218321620FD402C00C28CBE /* LaunchScreen.storyboard */; };
		4218322220FD4C3100C28CBE /* RhymingWord.swift in Sources */ = {isa = PBXBuildFile; fileRef = 4218322120FD4C3100C28CBE /* RhymingWord.swift */; };
		427D639520FE69E100A1516A /* Model.xcdatamodeld in Sources */ = {isa = PBXBuildFile; fileRef = 427D639320FE69E100A1516A /* Model.xcdatamodeld */; };
		7989DB8BA3826185B4BEDC76 /* Pods_Rhymer.framework in Frameworks */ = {isa = PBXBuildFile; fileRef = B4DA518F7DA2F1450D5A02E6 /* Pods_Rhymer.framework */; };
/* End PBXBuildFile section */

/* Begin PBXFileReference section */
		03084E0220FEB58E00B5CDB4 /* ResultsScreenViewController.swift */ = {isa = PBXFileReference; lastKnownFileType = sourcecode.swift; path = ResultsScreenViewController.swift; sourceTree = "<group>"; };
		033C8F7720FED35C0086564D /* Base */ = {isa = PBXFileReference; lastKnownFileType = file.storyboard; name = Base; path = "Base.lproj/Main copy.storyboard"; sourceTree = "<group>"; };
		41C859F7A7CE8F4F4069A911 /* Pods-Rhymer.debug.xcconfig */ = {isa = PBXFileReference; includeInIndex = 1; lastKnownFileType = text.xcconfig; name = "Pods-Rhymer.debug.xcconfig"; path = "Pods/Target Support Files/Pods-Rhymer/Pods-Rhymer.debug.xcconfig"; sourceTree = "<group>"; };
		420C824620FE54D900AA337B /* CoreDataHelper.swift */ = {isa = PBXFileReference; lastKnownFileType = sourcecode.swift; name = CoreDataHelper.swift; path = Rhymer/Helpers/CoreDataHelper.swift; sourceTree = SOURCE_ROOT; };
		4218320A20FD402900C28CBE /* Rhymer.app */ = {isa = PBXFileReference; explicitFileType = wrapper.application; includeInIndex = 0; path = Rhymer.app; sourceTree = BUILT_PRODUCTS_DIR; };
		4218320D20FD402900C28CBE /* AppDelegate.swift */ = {isa = PBXFileReference; lastKnownFileType = sourcecode.swift; path = AppDelegate.swift; sourceTree = "<group>"; };
		4218320F20FD402900C28CBE /* HomeScreenViewController.swift */ = {isa = PBXFileReference; lastKnownFileType = sourcecode.swift; path = HomeScreenViewController.swift; sourceTree = "<group>"; };
		4218321420FD402C00C28CBE /* Assets.xcassets */ = {isa = PBXFileReference; lastKnownFileType = folder.assetcatalog; path = Assets.xcassets; sourceTree = "<group>"; };
		4218321720FD402C00C28CBE /* Base */ = {isa = PBXFileReference; lastKnownFileType = file.storyboard; name = Base; path = Base.lproj/LaunchScreen.storyboard; sourceTree = "<group>"; };
		4218321920FD402C00C28CBE /* Info.plist */ = {isa = PBXFileReference; lastKnownFileType = text.plist.xml; path = Info.plist; sourceTree = "<group>"; };
		4218322120FD4C3100C28CBE /* RhymingWord.swift */ = {isa = PBXFileReference; lastKnownFileType = sourcecode.swift; path = RhymingWord.swift; sourceTree = "<group>"; };
		427D639420FE69E100A1516A /* Model.xcdatamodel */ = {isa = PBXFileReference; lastKnownFileType = wrapper.xcdatamodel; path = Model.xcdatamodel; sourceTree = "<group>"; };
		B4DA518F7DA2F1450D5A02E6 /* Pods_Rhymer.framework */ = {isa = PBXFileReference; explicitFileType = wrapper.framework; includeInIndex = 0; path = Pods_Rhymer.framework; sourceTree = BUILT_PRODUCTS_DIR; };
		E0FAD51FC9A5624F96BC84A7 /* Pods-Rhymer.release.xcconfig */ = {isa = PBXFileReference; includeInIndex = 1; lastKnownFileType = text.xcconfig; name = "Pods-Rhymer.release.xcconfig"; path = "Pods/Target Support Files/Pods-Rhymer/Pods-Rhymer.release.xcconfig"; sourceTree = "<group>"; };
/* End PBXFileReference section */

/* Begin PBXFrameworksBuildPhase section */
		4218320720FD402900C28CBE /* Frameworks */ = {
			isa = PBXFrameworksBuildPhase;
			buildActionMask = 2147483647;
			files = (
				7989DB8BA3826185B4BEDC76 /* Pods_Rhymer.framework in Frameworks */,
			);
			runOnlyForDeploymentPostprocessing = 0;
		};
/* End PBXFrameworksBuildPhase section */

/* Begin PBXGroup section */
		03084E0120FEB55500B5CDB4 /* View Controllers */ = {
			isa = PBXGroup;
			children = (
				4218320F20FD402900C28CBE /* HomeScreenViewController.swift */,
				03084E0220FEB58E00B5CDB4 /* ResultsScreenViewController.swift */,
			);
			path = "View Controllers";
			sourceTree = "<group>";
		};
		03084E0420FEB66F00B5CDB4 /* Storyboards */ = {
			isa = PBXGroup;
			children = (
				4218321620FD402C00C28CBE /* LaunchScreen.storyboard */,
				033C8F7620FED35C0086564D /* Main copy.storyboard */,
			);
			path = Storyboards;
			sourceTree = "<group>";
		};
		420C824520FE548600AA337B /* Helpers */ = {
			isa = PBXGroup;
			children = (
				420C824620FE54D900AA337B /* CoreDataHelper.swift */,
			);
			name = Helpers;
			path = "New Group";
			sourceTree = "<group>";
		};
		4218320120FD402900C28CBE = {
			isa = PBXGroup;
			children = (
				4218320C20FD402900C28CBE /* Rhymer */,
				4218320B20FD402900C28CBE /* Products */,
				6303BBB34FE3E034C98D8642 /* Pods */,
				F7F706C8A6C0D74F2A1A6CF3 /* Frameworks */,
			);
			sourceTree = "<group>";
		};
		4218320B20FD402900C28CBE /* Products */ = {
			isa = PBXGroup;
			children = (
				4218320A20FD402900C28CBE /* Rhymer.app */,
			);
			name = Products;
			sourceTree = "<group>";
		};
		4218320C20FD402900C28CBE /* Rhymer */ = {
			isa = PBXGroup;
			children = (
				03084E0420FEB66F00B5CDB4 /* Storyboards */,
				03084E0120FEB55500B5CDB4 /* View Controllers */,
				427D638E20FE62A600A1516A /* Models */,
				420C824520FE548600AA337B /* Helpers */,
				4218320D20FD402900C28CBE /* AppDelegate.swift */,
				4218321420FD402C00C28CBE /* Assets.xcassets */,
				4218321920FD402C00C28CBE /* Info.plist */,
			);
			path = Rhymer;
			sourceTree = "<group>";
		};
		427D638E20FE62A600A1516A /* Models */ = {
			isa = PBXGroup;
			children = (
				427D639320FE69E100A1516A /* Model.xcdatamodeld */,
				4218322120FD4C3100C28CBE /* RhymingWord.swift */,
			);
			path = Models;
			sourceTree = "<group>";
		};
		6303BBB34FE3E034C98D8642 /* Pods */ = {
			isa = PBXGroup;
			children = (
				41C859F7A7CE8F4F4069A911 /* Pods-Rhymer.debug.xcconfig */,
				E0FAD51FC9A5624F96BC84A7 /* Pods-Rhymer.release.xcconfig */,
			);
			name = Pods;
			sourceTree = "<group>";
		};
		F7F706C8A6C0D74F2A1A6CF3 /* Frameworks */ = {
			isa = PBXGroup;
			children = (
				B4DA518F7DA2F1450D5A02E6 /* Pods_Rhymer.framework */,
			);
			name = Frameworks;
			sourceTree = "<group>";
		};
/* End PBXGroup section */

/* Begin PBXNativeTarget section */
		4218320920FD402900C28CBE /* Rhymer */ = {
			isa = PBXNativeTarget;
			buildConfigurationList = 4218321C20FD402C00C28CBE /* Build configuration list for PBXNativeTarget "Rhymer" */;
			buildPhases = (
				F593FA543A1BABEB94B70374 /* [CP] Check Pods Manifest.lock */,
				4218320620FD402900C28CBE /* Sources */,
				4218320720FD402900C28CBE /* Frameworks */,
				4218320820FD402900C28CBE /* Resources */,
				A65B1BB6EF604CBDBC177C68 /* [CP] Embed Pods Frameworks */,
			);
			buildRules = (
			);
			dependencies = (
			);
			name = Rhymer;
			productName = Rhymer;
			productReference = 4218320A20FD402900C28CBE /* Rhymer.app */;
			productType = "com.apple.product-type.application";
		};
/* End PBXNativeTarget section */

/* Begin PBXProject section */
		4218320220FD402900C28CBE /* Project object */ = {
			isa = PBXProject;
			attributes = {
				LastSwiftUpdateCheck = 0940;
				LastUpgradeCheck = 0940;
				ORGANIZATIONNAME = "Sina Gharib";
				TargetAttributes = {
					4218320920FD402900C28CBE = {
						CreatedOnToolsVersion = 9.4.1;
						SystemCapabilities = {
							com.apple.InAppPurchase = {
								enabled = 0;
							};
						};
					};
				};
			};
			buildConfigurationList = 4218320520FD402900C28CBE /* Build configuration list for PBXProject "Rhymer" */;
			compatibilityVersion = "Xcode 9.3";
			developmentRegion = en;
			hasScannedForEncodings = 0;
			knownRegions = (
				en,
				Base,
			);
			mainGroup = 4218320120FD402900C28CBE;
			productRefGroup = 4218320B20FD402900C28CBE /* Products */;
			projectDirPath = "";
			projectRoot = "";
			targets = (
				4218320920FD402900C28CBE /* Rhymer */,
			);
		};
/* End PBXProject section */

/* Begin PBXResourcesBuildPhase section */
		4218320820FD402900C28CBE /* Resources */ = {
			isa = PBXResourcesBuildPhase;
			buildActionMask = 2147483647;
			files = (
				4218321820FD402C00C28CBE /* LaunchScreen.storyboard in Resources */,
				033C8F7820FED35C0086564D /* Main copy.storyboard in Resources */,
				4218321520FD402C00C28CBE /* Assets.xcassets in Resources */,
			);
			runOnlyForDeploymentPostprocessing = 0;
		};
/* End PBXResourcesBuildPhase section */

/* Begin PBXShellScriptBuildPhase section */
		A65B1BB6EF604CBDBC177C68 /* [CP] Embed Pods Frameworks */ = {
			isa = PBXShellScriptBuildPhase;
			buildActionMask = 2147483647;
			files = (
			);
			inputPaths = (
				"${SRCROOT}/Pods/Target Support Files/Pods-Rhymer/Pods-Rhymer-frameworks.sh",
				"${BUILT_PRODUCTS_DIR}/Alamofire/Alamofire.framework",
				"${BUILT_PRODUCTS_DIR}/SwiftyJSON/SwiftyJSON.framework",
			);
			name = "[CP] Embed Pods Frameworks";
			outputPaths = (
				"${TARGET_BUILD_DIR}/${FRAMEWORKS_FOLDER_PATH}/Alamofire.framework",
				"${TARGET_BUILD_DIR}/${FRAMEWORKS_FOLDER_PATH}/SwiftyJSON.framework",
			);
			runOnlyForDeploymentPostprocessing = 0;
			shellPath = /bin/sh;
			shellScript = "\"${SRCROOT}/Pods/Target Support Files/Pods-Rhymer/Pods-Rhymer-frameworks.sh\"\n";
			showEnvVarsInLog = 0;
		};
		F593FA543A1BABEB94B70374 /* [CP] Check Pods Manifest.lock */ = {
			isa = PBXShellScriptBuildPhase;
			buildActionMask = 2147483647;
			files = (
			);
			inputPaths = (
				"${PODS_PODFILE_DIR_PATH}/Podfile.lock",
				"${PODS_ROOT}/Manifest.lock",
			);
			name = "[CP] Check Pods Manifest.lock";
			outputPaths = (
				"$(DERIVED_FILE_DIR)/Pods-Rhymer-checkManifestLockResult.txt",
			);
			runOnlyForDeploymentPostprocessing = 0;
			shellPath = /bin/sh;
			shellScript = "diff \"${PODS_PODFILE_DIR_PATH}/Podfile.lock\" \"${PODS_ROOT}/Manifest.lock\" > /dev/null\nif [ $? != 0 ] ; then\n    # print error to STDERR\n    echo \"error: The sandbox is not in sync with the Podfile.lock. Run 'pod install' or update your CocoaPods installation.\" >&2\n    exit 1\nfi\n# This output is used by Xcode 'outputs' to avoid re-running this script phase.\necho \"SUCCESS\" > \"${SCRIPT_OUTPUT_FILE_0}\"\n";
			showEnvVarsInLog = 0;
		};
/* End PBXShellScriptBuildPhase section */

/* Begin PBXSourcesBuildPhase section */
		4218320620FD402900C28CBE /* Sources */ = {
			isa = PBXSourcesBuildPhase;
			buildActionMask = 2147483647;
			files = (
				4218321020FD402900C28CBE /* HomeScreenViewController.swift in Sources */,
				03084E0320FEB58E00B5CDB4 /* ResultsScreenViewController.swift in Sources */,
				4218320E20FD402900C28CBE /* AppDelegate.swift in Sources */,
				427D639520FE69E100A1516A /* Model.xcdatamodeld in Sources */,
				420C824720FE54D900AA337B /* CoreDataHelper.swift in Sources */,
				4218322220FD4C3100C28CBE /* RhymingWord.swift in Sources */,
			);
			runOnlyForDeploymentPostprocessing = 0;
		};
/* End PBXSourcesBuildPhase section */

/* Begin PBXVariantGroup section */
		033C8F7620FED35C0086564D /* Main copy.storyboard */ = {
			isa = PBXVariantGroup;
			children = (
				033C8F7720FED35C0086564D /* Base */,
			);
			name = "Main copy.storyboard";
			sourceTree = "<group>";
		};
		4218321620FD402C00C28CBE /* LaunchScreen.storyboard */ = {
			isa = PBXVariantGroup;
			children = (
				4218321720FD402C00C28CBE /* Base */,
			);
			name = LaunchScreen.storyboard;
			sourceTree = "<group>";
		};
/* End PBXVariantGroup section */

/* Begin XCBuildConfiguration section */
		4218321A20FD402C00C28CBE /* Debug */ = {
			isa = XCBuildConfiguration;
			buildSettings = {
				ALWAYS_SEARCH_USER_PATHS = NO;
				CLANG_ANALYZER_NONNULL = YES;
				CLANG_ANALYZER_NUMBER_OBJECT_CONVERSION = YES_AGGRESSIVE;
				CLANG_CXX_LANGUAGE_STANDARD = "gnu++14";
				CLANG_CXX_LIBRARY = "libc++";
				CLANG_ENABLE_MODULES = YES;
				CLANG_ENABLE_OBJC_ARC = YES;
				CLANG_ENABLE_OBJC_WEAK = YES;
				CLANG_WARN_BLOCK_CAPTURE_AUTORELEASING = YES;
				CLANG_WARN_BOOL_CONVERSION = YES;
				CLANG_WARN_COMMA = YES;
				CLANG_WARN_CONSTANT_CONVERSION = YES;
				CLANG_WARN_DEPRECATED_OBJC_IMPLEMENTATIONS = YES;
				CLANG_WARN_DIRECT_OBJC_ISA_USAGE = YES_ERROR;
				CLANG_WARN_DOCUMENTATION_COMMENTS = YES;
				CLANG_WARN_EMPTY_BODY = YES;
				CLANG_WARN_ENUM_CONVERSION = YES;
				CLANG_WARN_INFINITE_RECURSION = YES;
				CLANG_WARN_INT_CONVERSION = YES;
				CLANG_WARN_NON_LITERAL_NULL_CONVERSION = YES;
				CLANG_WARN_OBJC_IMPLICIT_RETAIN_SELF = YES;
				CLANG_WARN_OBJC_LITERAL_CONVERSION = YES;
				CLANG_WARN_OBJC_ROOT_CLASS = YES_ERROR;
				CLANG_WARN_RANGE_LOOP_ANALYSIS = YES;
				CLANG_WARN_STRICT_PROTOTYPES = YES;
				CLANG_WARN_SUSPICIOUS_MOVE = YES;
				CLANG_WARN_UNGUARDED_AVAILABILITY = YES_AGGRESSIVE;
				CLANG_WARN_UNREACHABLE_CODE = YES;
				CLANG_WARN__DUPLICATE_METHOD_MATCH = YES;
				CODE_SIGN_IDENTITY = "iPhone Developer";
				COPY_PHASE_STRIP = NO;
				DEBUG_INFORMATION_FORMAT = dwarf;
				ENABLE_STRICT_OBJC_MSGSEND = YES;
				ENABLE_TESTABILITY = YES;
				GCC_C_LANGUAGE_STANDARD = gnu11;
				GCC_DYNAMIC_NO_PIC = NO;
				GCC_NO_COMMON_BLOCKS = YES;
				GCC_OPTIMIZATION_LEVEL = 0;
				GCC_PREPROCESSOR_DEFINITIONS = (
					"DEBUG=1",
					"$(inherited)",
				);
				GCC_WARN_64_TO_32_BIT_CONVERSION = YES;
				GCC_WARN_ABOUT_RETURN_TYPE = YES_ERROR;
				GCC_WARN_UNDECLARED_SELECTOR = YES;
				GCC_WARN_UNINITIALIZED_AUTOS = YES_AGGRESSIVE;
				GCC_WARN_UNUSED_FUNCTION = YES;
				GCC_WARN_UNUSED_VARIABLE = YES;
				IPHONEOS_DEPLOYMENT_TARGET = 11.4;
				MTL_ENABLE_DEBUG_INFO = YES;
				ONLY_ACTIVE_ARCH = YES;
				SDKROOT = iphoneos;
				SWIFT_ACTIVE_COMPILATION_CONDITIONS = DEBUG;
				SWIFT_OPTIMIZATION_LEVEL = "-Onone";
			};
			name = Debug;
		};
		4218321B20FD402C00C28CBE /* Release */ = {
			isa = XCBuildConfiguration;
			buildSettings = {
				ALWAYS_SEARCH_USER_PATHS = NO;
				CLANG_ANALYZER_NONNULL = YES;
				CLANG_ANALYZER_NUMBER_OBJECT_CONVERSION = YES_AGGRESSIVE;
				CLANG_CXX_LANGUAGE_STANDARD = "gnu++14";
				CLANG_CXX_LIBRARY = "libc++";
				CLANG_ENABLE_MODULES = YES;
				CLANG_ENABLE_OBJC_ARC = YES;
				CLANG_ENABLE_OBJC_WEAK = YES;
				CLANG_WARN_BLOCK_CAPTURE_AUTORELEASING = YES;
				CLANG_WARN_BOOL_CONVERSION = YES;
				CLANG_WARN_COMMA = YES;
				CLANG_WARN_CONSTANT_CONVERSION = YES;
				CLANG_WARN_DEPRECATED_OBJC_IMPLEMENTATIONS = YES;
				CLANG_WARN_DIRECT_OBJC_ISA_USAGE = YES_ERROR;
				CLANG_WARN_DOCUMENTATION_COMMENTS = YES;
				CLANG_WARN_EMPTY_BODY = YES;
				CLANG_WARN_ENUM_CONVERSION = YES;
				CLANG_WARN_INFINITE_RECURSION = YES;
				CLANG_WARN_INT_CONVERSION = YES;
				CLANG_WARN_NON_LITERAL_NULL_CONVERSION = YES;
				CLANG_WARN_OBJC_IMPLICIT_RETAIN_SELF = YES;
				CLANG_WARN_OBJC_LITERAL_CONVERSION = YES;
				CLANG_WARN_OBJC_ROOT_CLASS = YES_ERROR;
				CLANG_WARN_RANGE_LOOP_ANALYSIS = YES;
				CLANG_WARN_STRICT_PROTOTYPES = YES;
				CLANG_WARN_SUSPICIOUS_MOVE = YES;
				CLANG_WARN_UNGUARDED_AVAILABILITY = YES_AGGRESSIVE;
				CLANG_WARN_UNREACHABLE_CODE = YES;
				CLANG_WARN__DUPLICATE_METHOD_MATCH = YES;
				CODE_SIGN_IDENTITY = "iPhone Developer";
				COPY_PHASE_STRIP = NO;
				DEBUG_INFORMATION_FORMAT = "dwarf-with-dsym";
				ENABLE_NS_ASSERTIONS = NO;
				ENABLE_STRICT_OBJC_MSGSEND = YES;
				GCC_C_LANGUAGE_STANDARD = gnu11;
				GCC_NO_COMMON_BLOCKS = YES;
				GCC_WARN_64_TO_32_BIT_CONVERSION = YES;
				GCC_WARN_ABOUT_RETURN_TYPE = YES_ERROR;
				GCC_WARN_UNDECLARED_SELECTOR = YES;
				GCC_WARN_UNINITIALIZED_AUTOS = YES_AGGRESSIVE;
				GCC_WARN_UNUSED_FUNCTION = YES;
				GCC_WARN_UNUSED_VARIABLE = YES;
				IPHONEOS_DEPLOYMENT_TARGET = 11.4;
				MTL_ENABLE_DEBUG_INFO = NO;
				SDKROOT = iphoneos;
				SWIFT_COMPILATION_MODE = wholemodule;
				SWIFT_OPTIMIZATION_LEVEL = "-O";
				VALIDATE_PRODUCT = YES;
			};
			name = Release;
		};
		4218321D20FD402C00C28CBE /* Debug */ = {
			isa = XCBuildConfiguration;
			baseConfigurationReference = 41C859F7A7CE8F4F4069A911 /* Pods-Rhymer.debug.xcconfig */;
			buildSettings = {
				ASSETCATALOG_COMPILER_APPICON_NAME = AppIcon;
				CODE_SIGN_STYLE = Automatic;
				DEVELOPMENT_TEAM = "";
				INFOPLIST_FILE = Rhymer/Info.plist;
				LD_RUNPATH_SEARCH_PATHS = (
					"$(inherited)",
					"@executable_path/Frameworks",
				);
				PRODUCT_BUNDLE_IDENTIFIER = com.sina.Rhymer;
				PRODUCT_NAME = "$(TARGET_NAME)";
				SWIFT_VERSION = 4.0;
				TARGETED_DEVICE_FAMILY = "1,2";
			};
			name = Debug;
		};
		4218321E20FD402C00C28CBE /* Release */ = {
			isa = XCBuildConfiguration;
			baseConfigurationReference = E0FAD51FC9A5624F96BC84A7 /* Pods-Rhymer.release.xcconfig */;
			buildSettings = {
				ASSETCATALOG_COMPILER_APPICON_NAME = AppIcon;
				CODE_SIGN_STYLE = Automatic;
				DEVELOPMENT_TEAM = "";
				INFOPLIST_FILE = Rhymer/Info.plist;
				LD_RUNPATH_SEARCH_PATHS = (
					"$(inherited)",
					"@executable_path/Frameworks",
				);
				PRODUCT_BUNDLE_IDENTIFIER = com.sina.Rhymer;
				PRODUCT_NAME = "$(TARGET_NAME)";
				SWIFT_VERSION = 4.0;
				TARGETED_DEVICE_FAMILY = "1,2";
			};
			name = Release;
		};
/* End XCBuildConfiguration section */

/* Begin XCConfigurationList section */
		4218320520FD402900C28CBE /* Build configuration list for PBXProject "Rhymer" */ = {
			isa = XCConfigurationList;
			buildConfigurations = (
				4218321A20FD402C00C28CBE /* Debug */,
				4218321B20FD402C00C28CBE /* Release */,
			);
			defaultConfigurationIsVisible = 0;
			defaultConfigurationName = Release;
		};
		4218321C20FD402C00C28CBE /* Build configuration list for PBXNativeTarget "Rhymer" */ = {
			isa = XCConfigurationList;
			buildConfigurations = (
				4218321D20FD402C00C28CBE /* Debug */,
				4218321E20FD402C00C28CBE /* Release */,
			);
			defaultConfigurationIsVisible = 0;
			defaultConfigurationName = Release;
		};
/* End XCConfigurationList section */

/* Begin XCVersionGroup section */
		427D639320FE69E100A1516A /* Model.xcdatamodeld */ = {
			isa = XCVersionGroup;
			children = (
				427D639420FE69E100A1516A /* Model.xcdatamodel */,
			);
			currentVersion = 427D639420FE69E100A1516A /* Model.xcdatamodel */;
			path = Model.xcdatamodeld;
			sourceTree = "<group>";
			versionGroupType = wrapper.xcdatamodel;
		};
/* End XCVersionGroup section */
	};
	rootObject = 4218320220FD402900C28CBE /* Project object */;
}
